{
  "object": {
    "pins": [
      {
        "package": "MadBoards",
        "repositoryURL": "https://github.com/madmachineio/MadBoards.git",
        "state": {
          "branch": "main",
          "revision": "76b5f34661675b8d6e21787226d1a0f8c922dcb5",
          "version": null
        }
      },
      {
        "package": "MadDrivers",
        "repositoryURL": "https://github.com/madmachineio/MadDrivers.git",
        "state": {
          "branch": "main",
          "revision": "38d41a36a903b9e8425330c7953a630508bb28a0",
          "version": null
        }
      },
      {
        "package": "SwiftIO",
        "repositoryURL": "https://github.com/madmachineio/SwiftIO.git",
        "state": {
          "branch": "main",
          "revision": "99454968ccf4df247068e667cba100b5e30459de",
          "version": null
        }
      }
    ]
  },
  "version": 1
}
